
Microsoft Visual Studio Solution File, Format Version 12.00
# Visual Studio Version 17
VisualStudioVersion = 17.2.32408.312
MinimumVisualStudioVersion = 10.0.40219.1
Project("{9A19103F-16F7-4668-BE54-9A1E7A4F7556}") = "Sat.Recruitment.Gariglio", "Sat.Recruitment.Gariglio\Sat.Recruitment.Gariglio.csproj", "{36D73321-B84B-49DC-924A-0AB00CF2EED4}"
EndProject
Project("{9A19103F-16F7-4668-BE54-9A1E7A4F7556}") = "Sat.Recruitment.Library", "Sat.Recruitment.Library\Sat.Recruitment.Library.csproj", "{8836448B-D996-49A5-8EDD-4BDCBCB9BC64}"
EndProject
Project("{9A19103F-16F7-4668-BE54-9A1E7A4F7556}") = "Sat.Recuitment.Test", "Sat.Recuitment.Test\Sat.Recuitment.Test.csproj", "{000E2D80-E792-4CE7-9E1C-C3037276BB11}"
EndProject
Project("{9A19103F-16F7-4668-BE54-9A1E7A4F7556}") = "Sat.Recruitment.Console", "..\Sat.Recruitment.Console\Sat.Recruitment.Console.csproj", "{D53F022F-BDF7-4535-8DC5-0E2133398526}"
EndProject
Global
	GlobalSection(SolutionConfigurationPlatforms) = preSolution
		Debug|Any CPU = Debug|Any CPU
		Release|Any CPU = Release|Any CPU
	EndGlobalSection
	GlobalSection(ProjectConfigurationPlatforms) = postSolution
		{36D73321-B84B-49DC-924A-0AB00CF2EED4}.Debug|Any CPU.ActiveCfg = Debug|Any CPU
		{36D73321-B84B-49DC-924A-0AB00CF2EED4}.Debug|Any CPU.Build.0 = Debug|Any CPU
		{36D73321-B84B-49DC-924A-0AB00CF2EED4}.Release|Any CPU.ActiveCfg = Release|Any CPU
		{36D73321-B84B-49DC-924A-0AB00CF2EED4}.Release|Any CPU.Build.0 = Release|Any CPU
		{8836448B-D996-49A5-8EDD-4BDCBCB9BC64}.Debug|Any CPU.ActiveCfg = Debug|Any CPU
		{8836448B-D996-49A5-8EDD-4BDCBCB9BC64}.Debug|Any CPU.Build.0 = Debug|Any CPU
		{8836448B-D996-49A5-8EDD-4BDCBCB9BC64}.Release|Any CPU.ActiveCfg = Release|Any CPU
		{8836448B-D996-49A5-8EDD-4BDCBCB9BC64}.Release|Any CPU.Build.0 = Release|Any CPU
		{000E2D80-E792-4CE7-9E1C-C3037276BB11}.Debug|Any CPU.ActiveCfg = Debug|Any CPU
		{000E2D80-E792-4CE7-9E1C-C3037276BB11}.Debug|Any CPU.Build.0 = Debug|Any CPU
		{000E2D80-E792-4CE7-9E1C-C3037276BB11}.Release|Any CPU.ActiveCfg = Release|Any CPU
		{000E2D80-E792-4CE7-9E1C-C3037276BB11}.Release|Any CPU.Build.0 = Release|Any CPU
		{D53F022F-BDF7-4535-8DC5-0E2133398526}.Debug|Any CPU.ActiveCfg = Debug|Any CPU
		{D53F022F-BDF7-4535-8DC5-0E2133398526}.Debug|Any CPU.Build.0 = Debug|Any CPU
		{D53F022F-BDF7-4535-8DC5-0E2133398526}.Release|Any CPU.ActiveCfg = Release|Any CPU
		{D53F022F-BDF7-4535-8DC5-0E2133398526}.Release|Any CPU.Build.0 = Release|Any CPU
	EndGlobalSection
	GlobalSection(SolutionProperties) = preSolution
		HideSolutionNode = FALSE
	EndGlobalSection
	GlobalSection(ExtensibilityGlobals) = postSolution
		SolutionGuid = {D71992DB-34DD-422C-8251-02A371C8D4C3}
	EndGlobalSection
EndGlobal
